
Microsoft Visual Studio Solution File, Format Version 10.00
# Visual Studio 2008
Project("{8BC9CEB8-8B4A-11D0-8D11-00A0C91BC942}") = "chartsdemo", "chartsdemo\chartsdemo.vcproj", "{FE246B47-6D7B-41BD-9EAF-21930E59BABA}"
EndProject
Global
	GlobalSection(SolutionConfigurationPlatforms) = preSolution
		Debug|Win32 = Debug|Win32
		Release|Win32 = Release|Win32
	EndGlobalSection
	GlobalSection(ProjectConfigurationPlatforms) = postSolution
		{FE246B47-6D7B-41BD-9EAF-21930E59BABA}.Debug|Win32.ActiveCfg = Debug|Win32
		{FE246B47-6D7B-41BD-9EAF-21930E59BABA}.Debug|Win32.Build.0 = Debug|Win32
		{FE246B47-6D7B-41BD-9EAF-21930E59BABA}.Release|Win32.ActiveCfg = Release|Win32
		{FE246B47-6D7B-41BD-9EAF-21930E59BABA}.Release|Win32.Build.0 = Release|Win32
	EndGlobalSection
	GlobalSection(SolutionProperties) = preSolution
		HideSolutionNode = FALSE
	EndGlobalSection
EndGlobal
